{
  "name": "U-Market-",
  "lockfileVersion": 2,
  "requires": true,
  "packages": {
    "": {
      "dependencies": {
        "@sweetalert2/theme-bulma": "^5.0.12",
        "sweetalert2": "^11.4.32"
      }
    },
    "node_modules/@sweetalert2/theme-bulma": {
      "version": "5.0.12",
      "resolved": "https://registry.npmjs.org/@sweetalert2/theme-bulma/-/theme-bulma-5.0.12.tgz",
      "integrity": "sha512-jAiam0+X9QvvAeAVRVID0SPRKNAqZ6vgZQCqXb77Fqptsjap35TsByVWsfpcC0LgzgZ/ddP+re2t4Jz2FeGoYg=="
    },
    "node_modules/sweetalert2": {
      "version": "11.4.32",
      "resolved": "https://registry.npmjs.org/sweetalert2/-/sweetalert2-11.4.32.tgz",
      "integrity": "sha512-fcXWPzWjqYoLqlfPLL4GHpZDZr4Lm7opkaADKAD1LDM4KHJ5ZHN/8/Les5HWP7+yl+0mrqHHkbsSxjXdvDHHlg==",
      "funding": {
        "type": "individual",
        "url": "https://sweetalert2.github.io/#donations"
      }
    }
  },
  "dependencies": {
    "@sweetalert2/theme-bulma": {
      "version": "5.0.12",
      "resolved": "https://registry.npmjs.org/@sweetalert2/theme-bulma/-/theme-bulma-5.0.12.tgz",
      "integrity": "sha512-jAiam0+X9QvvAeAVRVID0SPRKNAqZ6vgZQCqXb77Fqptsjap35TsByVWsfpcC0LgzgZ/ddP+re2t4Jz2FeGoYg=="
    },
    "sweetalert2": {
      "version": "11.4.32",
      "resolved": "https://registry.npmjs.org/sweetalert2/-/sweetalert2-11.4.32.tgz",
      "integrity": "sha512-fcXWPzWjqYoLqlfPLL4GHpZDZr4Lm7opkaADKAD1LDM4KHJ5ZHN/8/Les5HWP7+yl+0mrqHHkbsSxjXdvDHHlg=="
    }
  }
}
